// !$*UTF8*$!
{
	archiveVersion = 1;
	classes = {
	};
	objectVersion = 56;
	objects = {

/* Begin PBXBuildFile section */
		C965B00A2D43A34100483F81 /* DateExtension.swift in Sources */ = {isa = PBXBuildFile; fileRef = C965B0092D43A33600483F81 /* DateExtension.swift */; };
		C965B00C2D43A41F00483F81 /* BackgroundTask.swift in Sources */ = {isa = PBXBuildFile; fileRef = C965B00B2D43A41F00483F81 /* BackgroundTask.swift */; };
		DE2C7FFA2BBFB1280036B524 /* UIColorExtension.swift in Sources */ = {isa = PBXBuildFile; fileRef = DE2C7FF92BBFB1280036B524 /* UIColorExtension.swift */; };
		DE2C7FFC2BBFB2150036B524 /* UIImageExtension.swift in Sources */ = {isa = PBXBuildFile; fileRef = DE2C7FFB2BBFB2150036B524 /* UIImageExtension.swift */; };
		DE2C7FFE2BBFB3360036B524 /* FSCalendarExtension.swift in Sources */ = {isa = PBXBuildFile; fileRef = DE2C7FFD2BBFB3360036B524 /* FSCalendarExtension.swift */; };
		DE2C80012BC12E9D0036B524 /* MealType.swift in Sources */ = {isa = PBXBuildFile; fileRef = DE2C80002BC12E9D0036B524 /* MealType.swift */; };
		DE46F4FC2BA6E1A50042A285 /* Data.swift in Sources */ = {isa = PBXBuildFile; fileRef = DE46F4FB2BA6E1A50042A285 /* Data.swift */; };
		DE785B582BB19BD10011EA6D /* WidgetKit.framework in Frameworks */ = {isa = PBXBuildFile; fileRef = DE785B572BB19BD10011EA6D /* WidgetKit.framework */; };
		DE785B5A2BB19BD10011EA6D /* SwiftUI.framework in Frameworks */ = {isa = PBXBuildFile; fileRef = DE785B592BB19BD10011EA6D /* SwiftUI.framework */; };
		DE785B5D2BB19BD10011EA6D /* CalWidgetBundle.swift in Sources */ = {isa = PBXBuildFile; fileRef = DE785B5C2BB19BD10011EA6D /* CalWidgetBundle.swift */; };
		DE785B5F2BB19BD10011EA6D /* CalWidget.swift in Sources */ = {isa = PBXBuildFile; fileRef = DE785B5E2BB19BD10011EA6D /* CalWidget.swift */; };
		DE785B612BB19BD20011EA6D /* Assets.xcassets in Resources */ = {isa = PBXBuildFile; fileRef = DE785B602BB19BD20011EA6D /* Assets.xcassets */; };
		DE785B652BB19BD20011EA6D /* CalWidgetExtension.appex in Embed Foundation Extensions */ = {isa = PBXBuildFile; fileRef = DE785B562BB19BD10011EA6D /* CalWidgetExtension.appex */; settings = {ATTRIBUTES = (RemoveHeadersOnCopy, ); }; };
		DE785B6D2BB32AB50011EA6D /* FirebaseFirestore in Frameworks */ = {isa = PBXBuildFile; productRef = DE785B6C2BB32AB50011EA6D /* FirebaseFirestore */; };
		DE797E742BAC40E300E45A58 /* GoogleService-Info.plist in Resources */ = {isa = PBXBuildFile; fileRef = DE797E732BAC40E300E45A58 /* GoogleService-Info.plist */; };
		DEB9E5632B9594820084C269 /* AppDelegate.swift in Sources */ = {isa = PBXBuildFile; fileRef = DEB9E5622B9594820084C269 /* AppDelegate.swift */; };
		DEB9E5652B9594820084C269 /* SceneDelegate.swift in Sources */ = {isa = PBXBuildFile; fileRef = DEB9E5642B9594820084C269 /* SceneDelegate.swift */; };
		DEB9E5672B9594820084C269 /* ViewController.swift in Sources */ = {isa = PBXBuildFile; fileRef = DEB9E5662B9594820084C269 /* ViewController.swift */; };
		DEB9E56A2B9594820084C269 /* Main.storyboard in Resources */ = {isa = PBXBuildFile; fileRef = DEB9E5682B9594820084C269 /* Main.storyboard */; };
		DEB9E56D2B9594820084C269 /* WebCrawlingProject.xcdatamodeld in Sources */ = {isa = PBXBuildFile; fileRef = DEB9E56B2B9594820084C269 /* WebCrawlingProject.xcdatamodeld */; };
		DEB9E56F2B9594830084C269 /* Assets.xcassets in Resources */ = {isa = PBXBuildFile; fileRef = DEB9E56E2B9594830084C269 /* Assets.xcassets */; };
		DEB9E5722B9594830084C269 /* LaunchScreen.storyboard in Resources */ = {isa = PBXBuildFile; fileRef = DEB9E5702B9594830084C269 /* LaunchScreen.storyboard */; };
		DEB9E58B2B96D8370084C269 /* HouseViewController.swift in Sources */ = {isa = PBXBuildFile; fileRef = DEB9E58A2B96D8370084C269 /* HouseViewController.swift */; };
		DEB9E5912B97F7CE0084C269 /* FirebaseFirestore in Frameworks */ = {isa = PBXBuildFile; productRef = DEB9E5902B97F7CE0084C269 /* FirebaseFirestore */; };
		DEB9E5932B97F7CE0084C269 /* FirebaseFirestoreSwift in Frameworks */ = {isa = PBXBuildFile; productRef = DEB9E5922B97F7CE0084C269 /* FirebaseFirestoreSwift */; };
		DEB9E5972B9AC4600084C269 /* BellViewController.swift in Sources */ = {isa = PBXBuildFile; fileRef = DEB9E5962B9AC4600084C269 /* BellViewController.swift */; };
		DEBEA7A52BB7EB5500E388FE /* GoogleService-Info.plist in Resources */ = {isa = PBXBuildFile; fileRef = DE797E732BAC40E300E45A58 /* GoogleService-Info.plist */; };
		DEE3ED6A2BB7DC960081B124 /* FirebaseInAppMessagingSwift-Beta in Frameworks */ = {isa = PBXBuildFile; productRef = DEE3ED692BB7DC960081B124 /* FirebaseInAppMessagingSwift-Beta */; };
		DEE3ED6C2BB7DCCE0081B124 /* FirebaseInAppMessaging-Beta in Frameworks */ = {isa = PBXBuildFile; productRef = DEE3ED6B2BB7DCCE0081B124 /* FirebaseInAppMessaging-Beta */; };
		DEE3ED6E2BB7DCF00081B124 /* FirebaseMessaging in Frameworks */ = {isa = PBXBuildFile; productRef = DEE3ED6D2BB7DCF00081B124 /* FirebaseMessaging */; };
		DEE3ED712BB7E63E0081B124 /* FirebaseAnalytics in Frameworks */ = {isa = PBXBuildFile; productRef = DEE3ED702BB7E63E0081B124 /* FirebaseAnalytics */; };
		F8D22A36C3C69DADB93BE183 /* Pods_WebCrawlingProject.framework in Frameworks */ = {isa = PBXBuildFile; fileRef = F9B8317DE72E72E72F2512A6 /* Pods_WebCrawlingProject.framework */; };
/* End PBXBuildFile section */

/* Begin PBXContainerItemProxy section */
		DE785B632BB19BD20011EA6D /* PBXContainerItemProxy */ = {
			isa = PBXContainerItemProxy;
			containerPortal = DEB9E5572B9594820084C269 /* Project object */;
			proxyType = 1;
			remoteGlobalIDString = DE785B552BB19BD10011EA6D;
			remoteInfo = CalWidgetExtension;
		};
/* End PBXContainerItemProxy section */

/* Begin PBXCopyFilesBuildPhase section */
		DE785B662BB19BD20011EA6D /* Embed Foundation Extensions */ = {
			isa = PBXCopyFilesBuildPhase;
			buildActionMask = 2147483647;
			dstPath = "";
			dstSubfolderSpec = 13;
			files = (
				DE785B652BB19BD20011EA6D /* CalWidgetExtension.appex in Embed Foundation Extensions */,
			);
			name = "Embed Foundation Extensions";
			runOnlyForDeploymentPostprocessing = 0;
		};
/* End PBXCopyFilesBuildPhase section */

/* Begin PBXFileReference section */
		5EEA7539B0386A136A69209D /* Pods-WebCrawlingProject.debug.xcconfig */ = {isa = PBXFileReference; includeInIndex = 1; lastKnownFileType = text.xcconfig; name = "Pods-WebCrawlingProject.debug.xcconfig"; path = "Target Support Files/Pods-WebCrawlingProject/Pods-WebCrawlingProject.debug.xcconfig"; sourceTree = "<group>"; };
		C965B0092D43A33600483F81 /* DateExtension.swift */ = {isa = PBXFileReference; lastKnownFileType = sourcecode.swift; path = DateExtension.swift; sourceTree = "<group>"; };
		C965B00B2D43A41F00483F81 /* BackgroundTask.swift */ = {isa = PBXFileReference; lastKnownFileType = sourcecode.swift; path = BackgroundTask.swift; sourceTree = "<group>"; };
		D3295520D03654DD5AD4B30B /* Pods-WebCrawlingProject.release.xcconfig */ = {isa = PBXFileReference; includeInIndex = 1; lastKnownFileType = text.xcconfig; name = "Pods-WebCrawlingProject.release.xcconfig"; path = "Target Support Files/Pods-WebCrawlingProject/Pods-WebCrawlingProject.release.xcconfig"; sourceTree = "<group>"; };
		DE2C7FF92BBFB1280036B524 /* UIColorExtension.swift */ = {isa = PBXFileReference; lastKnownFileType = sourcecode.swift; path = UIColorExtension.swift; sourceTree = "<group>"; };
		DE2C7FFB2BBFB2150036B524 /* UIImageExtension.swift */ = {isa = PBXFileReference; lastKnownFileType = sourcecode.swift; path = UIImageExtension.swift; sourceTree = "<group>"; };
		DE2C7FFD2BBFB3360036B524 /* FSCalendarExtension.swift */ = {isa = PBXFileReference; lastKnownFileType = sourcecode.swift; path = FSCalendarExtension.swift; sourceTree = "<group>"; };
		DE2C80002BC12E9D0036B524 /* MealType.swift */ = {isa = PBXFileReference; lastKnownFileType = sourcecode.swift; path = MealType.swift; sourceTree = "<group>"; };
		DE46F4FB2BA6E1A50042A285 /* Data.swift */ = {isa = PBXFileReference; lastKnownFileType = sourcecode.swift; path = Data.swift; sourceTree = "<group>"; };
		DE785B562BB19BD10011EA6D /* CalWidgetExtension.appex */ = {isa = PBXFileReference; explicitFileType = "wrapper.app-extension"; includeInIndex = 0; path = CalWidgetExtension.appex; sourceTree = BUILT_PRODUCTS_DIR; };
		DE785B572BB19BD10011EA6D /* WidgetKit.framework */ = {isa = PBXFileReference; lastKnownFileType = wrapper.framework; name = WidgetKit.framework; path = System/Library/Frameworks/WidgetKit.framework; sourceTree = SDKROOT; };
		DE785B592BB19BD10011EA6D /* SwiftUI.framework */ = {isa = PBXFileReference; lastKnownFileType = wrapper.framework; name = SwiftUI.framework; path = System/Library/Frameworks/SwiftUI.framework; sourceTree = SDKROOT; };
		DE785B5C2BB19BD10011EA6D /* CalWidgetBundle.swift */ = {isa = PBXFileReference; lastKnownFileType = sourcecode.swift; path = CalWidgetBundle.swift; sourceTree = "<group>"; };
		DE785B5E2BB19BD10011EA6D /* CalWidget.swift */ = {isa = PBXFileReference; lastKnownFileType = sourcecode.swift; path = CalWidget.swift; sourceTree = "<group>"; };
		DE785B602BB19BD20011EA6D /* Assets.xcassets */ = {isa = PBXFileReference; lastKnownFileType = folder.assetcatalog; path = Assets.xcassets; sourceTree = "<group>"; };
		DE785B622BB19BD20011EA6D /* Info.plist */ = {isa = PBXFileReference; lastKnownFileType = text.plist.xml; path = Info.plist; sourceTree = "<group>"; };
		DE797E732BAC40E300E45A58 /* GoogleService-Info.plist */ = {isa = PBXFileReference; fileEncoding = 4; lastKnownFileType = text.plist.xml; name = "GoogleService-Info.plist"; path = "../../../Downloads/GoogleService-Info.plist"; sourceTree = "<group>"; };
		DEB9E55F2B9594820084C269 /* WebCrawlingProject.app */ = {isa = PBXFileReference; explicitFileType = wrapper.application; includeInIndex = 0; path = WebCrawlingProject.app; sourceTree = BUILT_PRODUCTS_DIR; };
		DEB9E5622B9594820084C269 /* AppDelegate.swift */ = {isa = PBXFileReference; lastKnownFileType = sourcecode.swift; path = AppDelegate.swift; sourceTree = "<group>"; };
		DEB9E5642B9594820084C269 /* SceneDelegate.swift */ = {isa = PBXFileReference; lastKnownFileType = sourcecode.swift; path = SceneDelegate.swift; sourceTree = "<group>"; };
		DEB9E5662B9594820084C269 /* ViewController.swift */ = {isa = PBXFileReference; lastKnownFileType = sourcecode.swift; path = ViewController.swift; sourceTree = "<group>"; };
		DEB9E5692B9594820084C269 /* Base */ = {isa = PBXFileReference; lastKnownFileType = file.storyboard; name = Base; path = Base.lproj/Main.storyboard; sourceTree = "<group>"; };
		DEB9E56C2B9594820084C269 /* WebCrawlingProject.xcdatamodel */ = {isa = PBXFileReference; lastKnownFileType = wrapper.xcdatamodel; path = WebCrawlingProject.xcdatamodel; sourceTree = "<group>"; };
		DEB9E56E2B9594830084C269 /* Assets.xcassets */ = {isa = PBXFileReference; lastKnownFileType = folder.assetcatalog; path = Assets.xcassets; sourceTree = "<group>"; };
		DEB9E5712B9594830084C269 /* Base */ = {isa = PBXFileReference; lastKnownFileType = file.storyboard; name = Base; path = Base.lproj/LaunchScreen.storyboard; sourceTree = "<group>"; };
		DEB9E5732B9594830084C269 /* Info.plist */ = {isa = PBXFileReference; lastKnownFileType = text.plist.xml; path = Info.plist; sourceTree = "<group>"; };
		DEB9E58A2B96D8370084C269 /* HouseViewController.swift */ = {isa = PBXFileReference; lastKnownFileType = sourcecode.swift; path = HouseViewController.swift; sourceTree = "<group>"; };
		DEB9E5962B9AC4600084C269 /* BellViewController.swift */ = {isa = PBXFileReference; lastKnownFileType = sourcecode.swift; path = BellViewController.swift; sourceTree = "<group>"; };
		DEE3ED682BB7DA230081B124 /* WebCrawlingProjectRelease.entitlements */ = {isa = PBXFileReference; lastKnownFileType = text.plist.entitlements; path = WebCrawlingProjectRelease.entitlements; sourceTree = "<group>"; };
		DEE3ED6F2BB7E59B0081B124 /* CalWidgetExtensionRelease.entitlements */ = {isa = PBXFileReference; lastKnownFileType = text.plist.entitlements; path = CalWidgetExtensionRelease.entitlements; sourceTree = "<group>"; };
		F9B8317DE72E72E72F2512A6 /* Pods_WebCrawlingProject.framework */ = {isa = PBXFileReference; explicitFileType = wrapper.framework; includeInIndex = 0; path = Pods_WebCrawlingProject.framework; sourceTree = BUILT_PRODUCTS_DIR; };
/* End PBXFileReference section */

/* Begin PBXFrameworksBuildPhase section */
		DE785B532BB19BD10011EA6D /* Frameworks */ = {
			isa = PBXFrameworksBuildPhase;
			buildActionMask = 2147483647;
			files = (
				DE785B5A2BB19BD10011EA6D /* SwiftUI.framework in Frameworks */,
				DE785B582BB19BD10011EA6D /* WidgetKit.framework in Frameworks */,
				DE785B6D2BB32AB50011EA6D /* FirebaseFirestore in Frameworks */,
			);
			runOnlyForDeploymentPostprocessing = 0;
		};
		DEB9E55C2B9594820084C269 /* Frameworks */ = {
			isa = PBXFrameworksBuildPhase;
			buildActionMask = 2147483647;
			files = (
				DEE3ED712BB7E63E0081B124 /* FirebaseAnalytics in Frameworks */,
				DEE3ED6E2BB7DCF00081B124 /* FirebaseMessaging in Frameworks */,
				F8D22A36C3C69DADB93BE183 /* Pods_WebCrawlingProject.framework in Frameworks */,
				DEB9E5912B97F7CE0084C269 /* FirebaseFirestore in Frameworks */,
				DEE3ED6A2BB7DC960081B124 /* FirebaseInAppMessagingSwift-Beta in Frameworks */,
				DEB9E5932B97F7CE0084C269 /* FirebaseFirestoreSwift in Frameworks */,
				DEE3ED6C2BB7DCCE0081B124 /* FirebaseInAppMessaging-Beta in Frameworks */,
			);
			runOnlyForDeploymentPostprocessing = 0;
		};
/* End PBXFrameworksBuildPhase section */

/* Begin PBXGroup section */
		484F961CDE61C99EBADFE1D8 /* Frameworks */ = {
			isa = PBXGroup;
			children = (
				F9B8317DE72E72E72F2512A6 /* Pods_WebCrawlingProject.framework */,
				DE785B572BB19BD10011EA6D /* WidgetKit.framework */,
				DE785B592BB19BD10011EA6D /* SwiftUI.framework */,
			);
			name = Frameworks;
			sourceTree = "<group>";
		};
		82C6BAE3598AEBED84A80A2B /* Pods */ = {
			isa = PBXGroup;
			children = (
				5EEA7539B0386A136A69209D /* Pods-WebCrawlingProject.debug.xcconfig */,
				D3295520D03654DD5AD4B30B /* Pods-WebCrawlingProject.release.xcconfig */,
			);
			path = Pods;
			sourceTree = "<group>";
		};
		DE2C7FF82BBFB0900036B524 /* Support */ = {
			isa = PBXGroup;
			children = (
				C965B0092D43A33600483F81 /* DateExtension.swift */,
				DEB9E56E2B9594830084C269 /* Assets.xcassets */,
				DEB9E5622B9594820084C269 /* AppDelegate.swift */,
				DEB9E5642B9594820084C269 /* SceneDelegate.swift */,
				DE2C7FF92BBFB1280036B524 /* UIColorExtension.swift */,
				DE2C7FFB2BBFB2150036B524 /* UIImageExtension.swift */,
				DE2C7FFD2BBFB3360036B524 /* FSCalendarExtension.swift */,
			);
			path = Support;
			sourceTree = "<group>";
		};
		DE2C7FFF2BBFB3930036B524 /* Controllers */ = {
			isa = PBXGroup;
			children = (
				DEB9E5662B9594820084C269 /* ViewController.swift */,
				DEB9E58A2B96D8370084C269 /* HouseViewController.swift */,
				DEB9E5962B9AC4600084C269 /* BellViewController.swift */,
			);
			path = Controllers;
			sourceTree = "<group>";
		};
		DE46F4FA2BA6E17D0042A285 /* Models */ = {
			isa = PBXGroup;
			children = (
				DE46F4FB2BA6E1A50042A285 /* Data.swift */,
				DE2C80002BC12E9D0036B524 /* MealType.swift */,
				C965B00B2D43A41F00483F81 /* BackgroundTask.swift */,
			);
			path = Models;
			sourceTree = "<group>";
		};
		DE785B5B2BB19BD10011EA6D /* CalWidget */ = {
			isa = PBXGroup;
			children = (
				DE785B5C2BB19BD10011EA6D /* CalWidgetBundle.swift */,
				DE785B5E2BB19BD10011EA6D /* CalWidget.swift */,
				DE785B602BB19BD20011EA6D /* Assets.xcassets */,
				DE785B622BB19BD20011EA6D /* Info.plist */,
			);
			path = CalWidget;
			sourceTree = "<group>";
		};
		DEB9E5562B9594820084C269 = {
			isa = PBXGroup;
			children = (
				DEE3ED6F2BB7E59B0081B124 /* CalWidgetExtensionRelease.entitlements */,
				DEB9E5612B9594820084C269 /* WebCrawlingProject */,
				DEB9E5602B9594820084C269 /* Products */,
				82C6BAE3598AEBED84A80A2B /* Pods */,
				484F961CDE61C99EBADFE1D8 /* Frameworks */,
				DE785B5B2BB19BD10011EA6D /* CalWidget */,
			);
			sourceTree = "<group>";
		};
		DEB9E5602B9594820084C269 /* Products */ = {
			isa = PBXGroup;
			children = (
				DEB9E55F2B9594820084C269 /* WebCrawlingProject.app */,
				DE785B562BB19BD10011EA6D /* CalWidgetExtension.appex */,
			);
			name = Products;
			sourceTree = "<group>";
		};
		DEB9E5612B9594820084C269 /* WebCrawlingProject */ = {
			isa = PBXGroup;
			children = (
				DEE3ED682BB7DA230081B124 /* WebCrawlingProjectRelease.entitlements */,
				DE2C7FF82BBFB0900036B524 /* Support */,
				DE46F4FA2BA6E17D0042A285 /* Models */,
				DE2C7FFF2BBFB3930036B524 /* Controllers */,
				DEB9E5732B9594830084C269 /* Info.plist */,
				DE797E732BAC40E300E45A58 /* GoogleService-Info.plist */,
				DEB9E56B2B9594820084C269 /* WebCrawlingProject.xcdatamodeld */,
				DEB9E5682B9594820084C269 /* Main.storyboard */,
				DEB9E5702B9594830084C269 /* LaunchScreen.storyboard */,
			);
			path = WebCrawlingProject;
			sourceTree = "<group>";
		};
/* End PBXGroup section */

/* Begin PBXNativeTarget section */
		DE785B552BB19BD10011EA6D /* CalWidgetExtension */ = {
			isa = PBXNativeTarget;
			buildConfigurationList = DE785B692BB19BD20011EA6D /* Build configuration list for PBXNativeTarget "CalWidgetExtension" */;
			buildPhases = (
				DE785B522BB19BD10011EA6D /* Sources */,
				DE785B532BB19BD10011EA6D /* Frameworks */,
				DE785B542BB19BD10011EA6D /* Resources */,
			);
			buildRules = (
			);
			dependencies = (
			);
			name = CalWidgetExtension;
			packageProductDependencies = (
				DE785B6C2BB32AB50011EA6D /* FirebaseFirestore */,
			);
			productName = CalWidgetExtension;
			productReference = DE785B562BB19BD10011EA6D /* CalWidgetExtension.appex */;
			productType = "com.apple.product-type.app-extension";
		};
		DEB9E55E2B9594820084C269 /* WebCrawlingProject */ = {
			isa = PBXNativeTarget;
			buildConfigurationList = DEB9E5762B9594830084C269 /* Build configuration list for PBXNativeTarget "WebCrawlingProject" */;
			buildPhases = (
				542B4BBC218256F73B9AB592 /* [CP] Check Pods Manifest.lock */,
				DEB9E55B2B9594820084C269 /* Sources */,
				DEB9E55C2B9594820084C269 /* Frameworks */,
				DEB9E55D2B9594820084C269 /* Resources */,
				F5D09FABFC81C064DF49F5FC /* [CP] Embed Pods Frameworks */,
				DE785B662BB19BD20011EA6D /* Embed Foundation Extensions */,
				F8A84696DBAA32D879D7BA94 /* [CP] Copy Pods Resources */,
			);
			buildRules = (
			);
			dependencies = (
				DE785B642BB19BD20011EA6D /* PBXTargetDependency */,
			);
			name = WebCrawlingProject;
			packageProductDependencies = (
				DEB9E5902B97F7CE0084C269 /* FirebaseFirestore */,
				DEB9E5922B97F7CE0084C269 /* FirebaseFirestoreSwift */,
				DEE3ED692BB7DC960081B124 /* FirebaseInAppMessagingSwift-Beta */,
				DEE3ED6B2BB7DCCE0081B124 /* FirebaseInAppMessaging-Beta */,
				DEE3ED6D2BB7DCF00081B124 /* FirebaseMessaging */,
				DEE3ED702BB7E63E0081B124 /* FirebaseAnalytics */,
			);
			productName = WebCrawlingProject;
			productReference = DEB9E55F2B9594820084C269 /* WebCrawlingProject.app */;
			productType = "com.apple.product-type.application";
		};
/* End PBXNativeTarget section */

/* Begin PBXProject section */
		DEB9E5572B9594820084C269 /* Project object */ = {
			isa = PBXProject;
			attributes = {
				BuildIndependentTargetsInParallel = 1;
				LastSwiftUpdateCheck = 1530;
				LastUpgradeCheck = 1520;
				TargetAttributes = {
					DE785B552BB19BD10011EA6D = {
						CreatedOnToolsVersion = 15.3;
					};
					DEB9E55E2B9594820084C269 = {
						CreatedOnToolsVersion = 15.2;
					};
				};
			};
			buildConfigurationList = DEB9E55A2B9594820084C269 /* Build configuration list for PBXProject "WebCrawlingProject" */;
			compatibilityVersion = "Xcode 14.0";
			developmentRegion = en;
			hasScannedForEncodings = 0;
			knownRegions = (
				en,
				Base,
			);
			mainGroup = DEB9E5562B9594820084C269;
			packageReferences = (
				DEB9E57D2B95B97D0084C269 /* XCRemoteSwiftPackageReference "firebase-ios-sdk" */,
			);
			productRefGroup = DEB9E5602B9594820084C269 /* Products */;
			projectDirPath = "";
			projectRoot = "";
			targets = (
				DEB9E55E2B9594820084C269 /* WebCrawlingProject */,
				DE785B552BB19BD10011EA6D /* CalWidgetExtension */,
			);
		};
/* End PBXProject section */

/* Begin PBXResourcesBuildPhase section */
		DE785B542BB19BD10011EA6D /* Resources */ = {
			isa = PBXResourcesBuildPhase;
			buildActionMask = 2147483647;
			files = (
				DE785B612BB19BD20011EA6D /* Assets.xcassets in Resources */,
				DEBEA7A52BB7EB5500E388FE /* GoogleService-Info.plist in Resources */,
			);
			runOnlyForDeploymentPostprocessing = 0;
		};
		DEB9E55D2B9594820084C269 /* Resources */ = {
			isa = PBXResourcesBuildPhase;
			buildActionMask = 2147483647;
			files = (
				DEB9E5722B9594830084C269 /* LaunchScreen.storyboard in Resources */,
				DE797E742BAC40E300E45A58 /* GoogleService-Info.plist in Resources */,
				DEB9E56F2B9594830084C269 /* Assets.xcassets in Resources */,
				DEB9E56A2B9594820084C269 /* Main.storyboard in Resources */,
			);
			runOnlyForDeploymentPostprocessing = 0;
		};
/* End PBXResourcesBuildPhase section */

/* Begin PBXShellScriptBuildPhase section */
		542B4BBC218256F73B9AB592 /* [CP] Check Pods Manifest.lock */ = {
			isa = PBXShellScriptBuildPhase;
			buildActionMask = 2147483647;
			files = (
			);
			inputFileListPaths = (
			);
			inputPaths = (
				"${PODS_PODFILE_DIR_PATH}/Podfile.lock",
				"${PODS_ROOT}/Manifest.lock",
			);
			name = "[CP] Check Pods Manifest.lock";
			outputFileListPaths = (
			);
			outputPaths = (
				"$(DERIVED_FILE_DIR)/Pods-WebCrawlingProject-checkManifestLockResult.txt",
			);
			runOnlyForDeploymentPostprocessing = 0;
			shellPath = /bin/sh;
			shellScript = "diff \"${PODS_PODFILE_DIR_PATH}/Podfile.lock\" \"${PODS_ROOT}/Manifest.lock\" > /dev/null\nif [ $? != 0 ] ; then\n    # print error to STDERR\n    echo \"error: The sandbox is not in sync with the Podfile.lock. Run 'pod install' or update your CocoaPods installation.\" >&2\n    exit 1\nfi\n# This output is used by Xcode 'outputs' to avoid re-running this script phase.\necho \"SUCCESS\" > \"${SCRIPT_OUTPUT_FILE_0}\"\n";
			showEnvVarsInLog = 0;
		};
		F5D09FABFC81C064DF49F5FC /* [CP] Embed Pods Frameworks */ = {
			isa = PBXShellScriptBuildPhase;
			buildActionMask = 2147483647;
			files = (
			);
			inputFileListPaths = (
				"${PODS_ROOT}/Target Support Files/Pods-WebCrawlingProject/Pods-WebCrawlingProject-frameworks-${CONFIGURATION}-input-files.xcfilelist",
			);
			name = "[CP] Embed Pods Frameworks";
			outputFileListPaths = (
				"${PODS_ROOT}/Target Support Files/Pods-WebCrawlingProject/Pods-WebCrawlingProject-frameworks-${CONFIGURATION}-output-files.xcfilelist",
			);
			runOnlyForDeploymentPostprocessing = 0;
			shellPath = /bin/sh;
			shellScript = "\"${PODS_ROOT}/Target Support Files/Pods-WebCrawlingProject/Pods-WebCrawlingProject-frameworks.sh\"\n";
			showEnvVarsInLog = 0;
		};
		F8A84696DBAA32D879D7BA94 /* [CP] Copy Pods Resources */ = {
			isa = PBXShellScriptBuildPhase;
			buildActionMask = 2147483647;
			files = (
			);
			inputFileListPaths = (
				"${PODS_ROOT}/Target Support Files/Pods-WebCrawlingProject/Pods-WebCrawlingProject-resources-${CONFIGURATION}-input-files.xcfilelist",
			);
			name = "[CP] Copy Pods Resources";
			outputFileListPaths = (
				"${PODS_ROOT}/Target Support Files/Pods-WebCrawlingProject/Pods-WebCrawlingProject-resources-${CONFIGURATION}-output-files.xcfilelist",
			);
			runOnlyForDeploymentPostprocessing = 0;
			shellPath = /bin/sh;
			shellScript = "\"${PODS_ROOT}/Target Support Files/Pods-WebCrawlingProject/Pods-WebCrawlingProject-resources.sh\"\n";
			showEnvVarsInLog = 0;
		};
/* End PBXShellScriptBuildPhase section */

/* Begin PBXSourcesBuildPhase section */
		DE785B522BB19BD10011EA6D /* Sources */ = {
			isa = PBXSourcesBuildPhase;
			buildActionMask = 2147483647;
			files = (
				DE785B5F2BB19BD10011EA6D /* CalWidget.swift in Sources */,
				DE785B5D2BB19BD10011EA6D /* CalWidgetBundle.swift in Sources */,
			);
			runOnlyForDeploymentPostprocessing = 0;
		};
		DEB9E55B2B9594820084C269 /* Sources */ = {
			isa = PBXSourcesBuildPhase;
			buildActionMask = 2147483647;
			files = (
				DEB9E58B2B96D8370084C269 /* HouseViewController.swift in Sources */,
				C965B00A2D43A34100483F81 /* DateExtension.swift in Sources */,
				DEB9E5672B9594820084C269 /* ViewController.swift in Sources */,
				DE2C80012BC12E9D0036B524 /* MealType.swift in Sources */,
				DEB9E5632B9594820084C269 /* AppDelegate.swift in Sources */,
				DEB9E5652B9594820084C269 /* SceneDelegate.swift in Sources */,
				DE2C7FFE2BBFB3360036B524 /* FSCalendarExtension.swift in Sources */,
				DEB9E56D2B9594820084C269 /* WebCrawlingProject.xcdatamodeld in Sources */,
				DE2C7FFC2BBFB2150036B524 /* UIImageExtension.swift in Sources */,
				C965B00C2D43A41F00483F81 /* BackgroundTask.swift in Sources */,
				DE2C7FFA2BBFB1280036B524 /* UIColorExtension.swift in Sources */,
				DEB9E5972B9AC4600084C269 /* BellViewController.swift in Sources */,
				DE46F4FC2BA6E1A50042A285 /* Data.swift in Sources */,
			);
			runOnlyForDeploymentPostprocessing = 0;
		};
/* End PBXSourcesBuildPhase section */

/* Begin PBXTargetDependency section */
		DE785B642BB19BD20011EA6D /* PBXTargetDependency */ = {
			isa = PBXTargetDependency;
			target = DE785B552BB19BD10011EA6D /* CalWidgetExtension */;
			targetProxy = DE785B632BB19BD20011EA6D /* PBXContainerItemProxy */;
		};
/* End PBXTargetDependency section */

/* Begin PBXVariantGroup section */
		DEB9E5682B9594820084C269 /* Main.storyboard */ = {
			isa = PBXVariantGroup;
			children = (
				DEB9E5692B9594820084C269 /* Base */,
			);
			name = Main.storyboard;
			sourceTree = "<group>";
		};
		DEB9E5702B9594830084C269 /* LaunchScreen.storyboard */ = {
			isa = PBXVariantGroup;
			children = (
				DEB9E5712B9594830084C269 /* Base */,
			);
			name = LaunchScreen.storyboard;
			sourceTree = "<group>";
		};
/* End PBXVariantGroup section */

/* Begin XCBuildConfiguration section */
		DE785B672BB19BD20011EA6D /* Debug */ = {
			isa = XCBuildConfiguration;
			buildSettings = {
				ASSETCATALOG_COMPILER_GLOBAL_ACCENT_COLOR_NAME = AccentColor;
				ASSETCATALOG_COMPILER_WIDGET_BACKGROUND_COLOR_NAME = WidgetBackground;
				CODE_SIGN_ENTITLEMENTS = CalWidgetExtension.entitlements;
				CODE_SIGN_STYLE = Automatic;
				CURRENT_PROJECT_VERSION = 1;
				DEVELOPMENT_TEAM = W4ZPYHTRPJ;
				ENABLE_USER_SCRIPT_SANDBOXING = YES;
				GENERATE_INFOPLIST_FILE = YES;
				INFOPLIST_FILE = CalWidget/Info.plist;
				INFOPLIST_KEY_CFBundleDisplayName = CalWidget;
				INFOPLIST_KEY_NSHumanReadableCopyright = "";
				IPHONEOS_DEPLOYMENT_TARGET = 15.0;
				LD_RUNPATH_SEARCH_PATHS = (
					"$(inherited)",
					"@executable_path/Frameworks",
					"@executable_path/../../Frameworks",
				);
				MARKETING_VERSION = 1.0;
				PRODUCT_BUNDLE_IDENTIFIER = com.SemyungUniversityCafeteriafoodApp.ManduU2App.CalWidget;
				PRODUCT_NAME = "$(TARGET_NAME)";
				SKIP_INSTALL = YES;
				SUPPORTED_PLATFORMS = "iphoneos iphonesimulator";
				SUPPORTS_MACCATALYST = NO;
				SUPPORTS_MAC_DESIGNED_FOR_IPHONE_IPAD = NO;
				SUPPORTS_XR_DESIGNED_FOR_IPHONE_IPAD = NO;
				SWIFT_EMIT_LOC_STRINGS = YES;
				SWIFT_VERSION = 5.0;
				TARGETED_DEVICE_FAMILY = "1,2";
			};
			name = Debug;
		};
		DE785B682BB19BD20011EA6D /* Release */ = {
			isa = XCBuildConfiguration;
			buildSettings = {
				ASSETCATALOG_COMPILER_GLOBAL_ACCENT_COLOR_NAME = AccentColor;
				ASSETCATALOG_COMPILER_WIDGET_BACKGROUND_COLOR_NAME = WidgetBackground;
				CODE_SIGN_ENTITLEMENTS = CalWidgetExtensionRelease.entitlements;
				CODE_SIGN_STYLE = Automatic;
				CURRENT_PROJECT_VERSION = 1;
				DEVELOPMENT_TEAM = W4ZPYHTRPJ;
				ENABLE_USER_SCRIPT_SANDBOXING = YES;
				GENERATE_INFOPLIST_FILE = YES;
				INFOPLIST_FILE = CalWidget/Info.plist;
				INFOPLIST_KEY_CFBundleDisplayName = CalWidget;
				INFOPLIST_KEY_NSHumanReadableCopyright = "";
				IPHONEOS_DEPLOYMENT_TARGET = 15.0;
				LD_RUNPATH_SEARCH_PATHS = (
					"$(inherited)",
					"@executable_path/Frameworks",
					"@executable_path/../../Frameworks",
				);
				MARKETING_VERSION = 1.0;
				PRODUCT_BUNDLE_IDENTIFIER = com.SemyungUniversityCafeteriafoodApp.ManduU2App.CalWidget;
				PRODUCT_NAME = "$(TARGET_NAME)";
				SKIP_INSTALL = YES;
				SUPPORTED_PLATFORMS = "iphoneos iphonesimulator";
				SUPPORTS_MACCATALYST = NO;
				SUPPORTS_MAC_DESIGNED_FOR_IPHONE_IPAD = NO;
				SUPPORTS_XR_DESIGNED_FOR_IPHONE_IPAD = NO;
				SWIFT_EMIT_LOC_STRINGS = YES;
				SWIFT_VERSION = 5.0;
				TARGETED_DEVICE_FAMILY = "1,2";
			};
			name = Release;
		};
		DEB9E5742B9594830084C269 /* Debug */ = {
			isa = XCBuildConfiguration;
			buildSettings = {
				ALWAYS_SEARCH_USER_PATHS = NO;
				ASSETCATALOG_COMPILER_GENERATE_SWIFT_ASSET_SYMBOL_EXTENSIONS = YES;
				CLANG_ANALYZER_NONNULL = YES;
				CLANG_ANALYZER_NUMBER_OBJECT_CONVERSION = YES_AGGRESSIVE;
				CLANG_CXX_LANGUAGE_STANDARD = "gnu++20";
				CLANG_ENABLE_MODULES = YES;
				CLANG_ENABLE_OBJC_ARC = YES;
				CLANG_ENABLE_OBJC_WEAK = YES;
				CLANG_WARN_BLOCK_CAPTURE_AUTORELEASING = YES;
				CLANG_WARN_BOOL_CONVERSION = YES;
				CLANG_WARN_COMMA = YES;
				CLANG_WARN_CONSTANT_CONVERSION = YES;
				CLANG_WARN_DEPRECATED_OBJC_IMPLEMENTATIONS = YES;
				CLANG_WARN_DIRECT_OBJC_ISA_USAGE = YES_ERROR;
				CLANG_WARN_DOCUMENTATION_COMMENTS = YES;
				CLANG_WARN_EMPTY_BODY = YES;
				CLANG_WARN_ENUM_CONVERSION = YES;
				CLANG_WARN_INFINITE_RECURSION = YES;
				CLANG_WARN_INT_CONVERSION = YES;
				CLANG_WARN_NON_LITERAL_NULL_CONVERSION = YES;
				CLANG_WARN_OBJC_IMPLICIT_RETAIN_SELF = YES;
				CLANG_WARN_OBJC_LITERAL_CONVERSION = YES;
				CLANG_WARN_OBJC_ROOT_CLASS = YES_ERROR;
				CLANG_WARN_QUOTED_INCLUDE_IN_FRAMEWORK_HEADER = YES;
				CLANG_WARN_RANGE_LOOP_ANALYSIS = YES;
				CLANG_WARN_STRICT_PROTOTYPES = YES;
				CLANG_WARN_SUSPICIOUS_MOVE = YES;
				CLANG_WARN_UNGUARDED_AVAILABILITY = YES_AGGRESSIVE;
				CLANG_WARN_UNREACHABLE_CODE = YES;
				CLANG_WARN__DUPLICATE_METHOD_MATCH = YES;
				COPY_PHASE_STRIP = NO;
				DEBUG_INFORMATION_FORMAT = dwarf;
				ENABLE_STRICT_OBJC_MSGSEND = YES;
				ENABLE_TESTABILITY = YES;
				ENABLE_USER_SCRIPT_SANDBOXING = NO;
				GCC_C_LANGUAGE_STANDARD = gnu17;
				GCC_DYNAMIC_NO_PIC = NO;
				GCC_NO_COMMON_BLOCKS = YES;
				GCC_OPTIMIZATION_LEVEL = 0;
				GCC_PREPROCESSOR_DEFINITIONS = (
					"DEBUG=1",
					"$(inherited)",
				);
				GCC_WARN_64_TO_32_BIT_CONVERSION = YES;
				GCC_WARN_ABOUT_RETURN_TYPE = YES_ERROR;
				GCC_WARN_UNDECLARED_SELECTOR = YES;
				GCC_WARN_UNINITIALIZED_AUTOS = YES_AGGRESSIVE;
				GCC_WARN_UNUSED_FUNCTION = YES;
				GCC_WARN_UNUSED_VARIABLE = YES;
				IPHONEOS_DEPLOYMENT_TARGET = 17.2;
				LOCALIZATION_PREFERS_STRING_CATALOGS = YES;
				MTL_ENABLE_DEBUG_INFO = INCLUDE_SOURCE;
				MTL_FAST_MATH = YES;
				ONLY_ACTIVE_ARCH = YES;
				SDKROOT = iphoneos;
				SWIFT_ACTIVE_COMPILATION_CONDITIONS = "DEBUG $(inherited)";
				SWIFT_OPTIMIZATION_LEVEL = "-Onone";
			};
			name = Debug;
		};
		DEB9E5752B9594830084C269 /* Release */ = {
			isa = XCBuildConfiguration;
			buildSettings = {
				ALWAYS_SEARCH_USER_PATHS = NO;
				ASSETCATALOG_COMPILER_GENERATE_SWIFT_ASSET_SYMBOL_EXTENSIONS = YES;
				CLANG_ANALYZER_NONNULL = YES;
				CLANG_ANALYZER_NUMBER_OBJECT_CONVERSION = YES_AGGRESSIVE;
				CLANG_CXX_LANGUAGE_STANDARD = "gnu++20";
				CLANG_ENABLE_MODULES = YES;
				CLANG_ENABLE_OBJC_ARC = YES;
				CLANG_ENABLE_OBJC_WEAK = YES;
				CLANG_WARN_BLOCK_CAPTURE_AUTORELEASING = YES;
				CLANG_WARN_BOOL_CONVERSION = YES;
				CLANG_WARN_COMMA = YES;
				CLANG_WARN_CONSTANT_CONVERSION = YES;
				CLANG_WARN_DEPRECATED_OBJC_IMPLEMENTATIONS = YES;
				CLANG_WARN_DIRECT_OBJC_ISA_USAGE = YES_ERROR;
				CLANG_WARN_DOCUMENTATION_COMMENTS = YES;
				CLANG_WARN_EMPTY_BODY = YES;
				CLANG_WARN_ENUM_CONVERSION = YES;
				CLANG_WARN_INFINITE_RECURSION = YES;
				CLANG_WARN_INT_CONVERSION = YES;
				CLANG_WARN_NON_LITERAL_NULL_CONVERSION = YES;
				CLANG_WARN_OBJC_IMPLICIT_RETAIN_SELF = YES;
				CLANG_WARN_OBJC_LITERAL_CONVERSION = YES;
				CLANG_WARN_OBJC_ROOT_CLASS = YES_ERROR;
				CLANG_WARN_QUOTED_INCLUDE_IN_FRAMEWORK_HEADER = YES;
				CLANG_WARN_RANGE_LOOP_ANALYSIS = YES;
				CLANG_WARN_STRICT_PROTOTYPES = YES;
				CLANG_WARN_SUSPICIOUS_MOVE = YES;
				CLANG_WARN_UNGUARDED_AVAILABILITY = YES_AGGRESSIVE;
				CLANG_WARN_UNREACHABLE_CODE = YES;
				CLANG_WARN__DUPLICATE_METHOD_MATCH = YES;
				COPY_PHASE_STRIP = NO;
				DEBUG_INFORMATION_FORMAT = "dwarf-with-dsym";
				ENABLE_NS_ASSERTIONS = NO;
				ENABLE_STRICT_OBJC_MSGSEND = YES;
				ENABLE_USER_SCRIPT_SANDBOXING = NO;
				GCC_C_LANGUAGE_STANDARD = gnu17;
				GCC_NO_COMMON_BLOCKS = YES;
				GCC_WARN_64_TO_32_BIT_CONVERSION = YES;
				GCC_WARN_ABOUT_RETURN_TYPE = YES_ERROR;
				GCC_WARN_UNDECLARED_SELECTOR = YES;
				GCC_WARN_UNINITIALIZED_AUTOS = YES_AGGRESSIVE;
				GCC_WARN_UNUSED_FUNCTION = YES;
				GCC_WARN_UNUSED_VARIABLE = YES;
				IPHONEOS_DEPLOYMENT_TARGET = 17.2;
				LOCALIZATION_PREFERS_STRING_CATALOGS = YES;
				MTL_ENABLE_DEBUG_INFO = NO;
				MTL_FAST_MATH = YES;
				SDKROOT = iphoneos;
				SWIFT_COMPILATION_MODE = wholemodule;
				VALIDATE_PRODUCT = YES;
			};
			name = Release;
		};
		DEB9E5772B9594830084C269 /* Debug */ = {
			isa = XCBuildConfiguration;
			baseConfigurationReference = 5EEA7539B0386A136A69209D /* Pods-WebCrawlingProject.debug.xcconfig */;
			buildSettings = {
				ALWAYS_EMBED_SWIFT_STANDARD_LIBRARIES = YES;
				ASSETCATALOG_COMPILER_APPICON_NAME = AppIcon;
				ASSETCATALOG_COMPILER_GLOBAL_ACCENT_COLOR_NAME = AccentColor;
				CODE_SIGN_ENTITLEMENTS = WebCrawlingProject/WebCrawlingProject.entitlements;
				CODE_SIGN_STYLE = Automatic;
				CURRENT_PROJECT_VERSION = 1;
				DEVELOPMENT_TEAM = W4ZPYHTRPJ;
				GENERATE_INFOPLIST_FILE = YES;
				INFOPLIST_FILE = WebCrawlingProject/Info.plist;
				INFOPLIST_KEY_CFBundleDisplayName = "세명대학교 학식 알리미";
				INFOPLIST_KEY_UIApplicationSupportsIndirectInputEvents = YES;
				INFOPLIST_KEY_UILaunchStoryboardName = LaunchScreen;
				INFOPLIST_KEY_UIMainStoryboardFile = Main;
				INFOPLIST_KEY_UISupportedInterfaceOrientations = UIInterfaceOrientationPortrait;
				INFOPLIST_KEY_UISupportedInterfaceOrientations_iPad = "UIInterfaceOrientationLandscapeLeft UIInterfaceOrientationLandscapeRight UIInterfaceOrientationPortrait UIInterfaceOrientationPortraitUpsideDown";
				IPHONEOS_DEPLOYMENT_TARGET = 15.0;
				LD_RUNPATH_SEARCH_PATHS = (
					"$(inherited)",
					"@executable_path/Frameworks",
				);
				MARKETING_VERSION = 1.1.1;
				PRODUCT_BUNDLE_IDENTIFIER = com.SemyungUniversityCafeteriafoodApp.ManduU2App;
				PRODUCT_NAME = "$(TARGET_NAME)";
				SUPPORTED_PLATFORMS = "iphoneos iphonesimulator";
				SUPPORTS_MACCATALYST = NO;
				SUPPORTS_MAC_DESIGNED_FOR_IPHONE_IPAD = NO;
				SUPPORTS_XR_DESIGNED_FOR_IPHONE_IPAD = NO;
				SWIFT_EMIT_LOC_STRINGS = YES;
				SWIFT_VERSION = 5.0;
				TARGETED_DEVICE_FAMILY = "1,2";
			};
			name = Debug;
		};
		DEB9E5782B9594830084C269 /* Release */ = {
			isa = XCBuildConfiguration;
			baseConfigurationReference = D3295520D03654DD5AD4B30B /* Pods-WebCrawlingProject.release.xcconfig */;
			buildSettings = {
				ALWAYS_EMBED_SWIFT_STANDARD_LIBRARIES = YES;
				ASSETCATALOG_COMPILER_APPICON_NAME = AppIcon;
				ASSETCATALOG_COMPILER_GLOBAL_ACCENT_COLOR_NAME = AccentColor;
				CODE_SIGN_ENTITLEMENTS = WebCrawlingProject/WebCrawlingProjectRelease.entitlements;
				CODE_SIGN_STYLE = Automatic;
				CURRENT_PROJECT_VERSION = 1;
				DEVELOPMENT_TEAM = W4ZPYHTRPJ;
				GENERATE_INFOPLIST_FILE = YES;
				INFOPLIST_FILE = WebCrawlingProject/Info.plist;
				INFOPLIST_KEY_CFBundleDisplayName = "세명대학교 학식 알리미";
				INFOPLIST_KEY_UIApplicationSupportsIndirectInputEvents = YES;
				INFOPLIST_KEY_UILaunchStoryboardName = LaunchScreen;
				INFOPLIST_KEY_UIMainStoryboardFile = Main;
				INFOPLIST_KEY_UISupportedInterfaceOrientations = UIInterfaceOrientationPortrait;
				INFOPLIST_KEY_UISupportedInterfaceOrientations_iPad = "UIInterfaceOrientationLandscapeLeft UIInterfaceOrientationLandscapeRight UIInterfaceOrientationPortrait UIInterfaceOrientationPortraitUpsideDown";
				IPHONEOS_DEPLOYMENT_TARGET = 15.0;
				LD_RUNPATH_SEARCH_PATHS = (
					"$(inherited)",
					"@executable_path/Frameworks",
				);
				MARKETING_VERSION = 1.1.1;
				PRODUCT_BUNDLE_IDENTIFIER = com.SemyungUniversityCafeteriafoodApp.ManduU2App;
				PRODUCT_NAME = "$(TARGET_NAME)";
				SUPPORTED_PLATFORMS = "iphoneos iphonesimulator";
				SUPPORTS_MACCATALYST = NO;
				SUPPORTS_MAC_DESIGNED_FOR_IPHONE_IPAD = NO;
				SUPPORTS_XR_DESIGNED_FOR_IPHONE_IPAD = NO;
				SWIFT_EMIT_LOC_STRINGS = YES;
				SWIFT_VERSION = 5.0;
				TARGETED_DEVICE_FAMILY = "1,2";
			};
			name = Release;
		};
/* End XCBuildConfiguration section */

/* Begin XCConfigurationList section */
		DE785B692BB19BD20011EA6D /* Build configuration list for PBXNativeTarget "CalWidgetExtension" */ = {
			isa = XCConfigurationList;
			buildConfigurations = (
				DE785B672BB19BD20011EA6D /* Debug */,
				DE785B682BB19BD20011EA6D /* Release */,
			);
			defaultConfigurationIsVisible = 0;
			defaultConfigurationName = Release;
		};
		DEB9E55A2B9594820084C269 /* Build configuration list for PBXProject "WebCrawlingProject" */ = {
			isa = XCConfigurationList;
			buildConfigurations = (
				DEB9E5742B9594830084C269 /* Debug */,
				DEB9E5752B9594830084C269 /* Release */,
			);
			defaultConfigurationIsVisible = 0;
			defaultConfigurationName = Release;
		};
		DEB9E5762B9594830084C269 /* Build configuration list for PBXNativeTarget "WebCrawlingProject" */ = {
			isa = XCConfigurationList;
			buildConfigurations = (
				DEB9E5772B9594830084C269 /* Debug */,
				DEB9E5782B9594830084C269 /* Release */,
			);
			defaultConfigurationIsVisible = 0;
			defaultConfigurationName = Release;
		};
/* End XCConfigurationList section */

/* Begin XCRemoteSwiftPackageReference section */
		DEB9E57D2B95B97D0084C269 /* XCRemoteSwiftPackageReference "firebase-ios-sdk" */ = {
			isa = XCRemoteSwiftPackageReference;
			repositoryURL = "https://github.com/firebase/firebase-ios-sdk";
			requirement = {
				kind = upToNextMajorVersion;
				minimumVersion = 10.21.0;
			};
		};
/* End XCRemoteSwiftPackageReference section */

/* Begin XCSwiftPackageProductDependency section */
		DE785B6C2BB32AB50011EA6D /* FirebaseFirestore */ = {
			isa = XCSwiftPackageProductDependency;
			package = DEB9E57D2B95B97D0084C269 /* XCRemoteSwiftPackageReference "firebase-ios-sdk" */;
			productName = FirebaseFirestore;
		};
		DEB9E5902B97F7CE0084C269 /* FirebaseFirestore */ = {
			isa = XCSwiftPackageProductDependency;
			package = DEB9E57D2B95B97D0084C269 /* XCRemoteSwiftPackageReference "firebase-ios-sdk" */;
			productName = FirebaseFirestore;
		};
		DEB9E5922B97F7CE0084C269 /* FirebaseFirestoreSwift */ = {
			isa = XCSwiftPackageProductDependency;
			package = DEB9E57D2B95B97D0084C269 /* XCRemoteSwiftPackageReference "firebase-ios-sdk" */;
			productName = FirebaseFirestoreSwift;
		};
		DEE3ED692BB7DC960081B124 /* FirebaseInAppMessagingSwift-Beta */ = {
			isa = XCSwiftPackageProductDependency;
			package = DEB9E57D2B95B97D0084C269 /* XCRemoteSwiftPackageReference "firebase-ios-sdk" */;
			productName = "FirebaseInAppMessagingSwift-Beta";
		};
		DEE3ED6B2BB7DCCE0081B124 /* FirebaseInAppMessaging-Beta */ = {
			isa = XCSwiftPackageProductDependency;
			package = DEB9E57D2B95B97D0084C269 /* XCRemoteSwiftPackageReference "firebase-ios-sdk" */;
			productName = "FirebaseInAppMessaging-Beta";
		};
		DEE3ED6D2BB7DCF00081B124 /* FirebaseMessaging */ = {
			isa = XCSwiftPackageProductDependency;
			package = DEB9E57D2B95B97D0084C269 /* XCRemoteSwiftPackageReference "firebase-ios-sdk" */;
			productName = FirebaseMessaging;
		};
		DEE3ED702BB7E63E0081B124 /* FirebaseAnalytics */ = {
			isa = XCSwiftPackageProductDependency;
			package = DEB9E57D2B95B97D0084C269 /* XCRemoteSwiftPackageReference "firebase-ios-sdk" */;
			productName = FirebaseAnalytics;
		};
/* End XCSwiftPackageProductDependency section */

/* Begin XCVersionGroup section */
		DEB9E56B2B9594820084C269 /* WebCrawlingProject.xcdatamodeld */ = {
			isa = XCVersionGroup;
			children = (
				DEB9E56C2B9594820084C269 /* WebCrawlingProject.xcdatamodel */,
			);
			currentVersion = DEB9E56C2B9594820084C269 /* WebCrawlingProject.xcdatamodel */;
			path = WebCrawlingProject.xcdatamodeld;
			sourceTree = "<group>";
			versionGroupType = wrapper.xcdatamodel;
		};
/* End XCVersionGroup section */
	};
	rootObject = DEB9E5572B9594820084C269 /* Project object */;
}
